
Microsoft Visual Studio Solution File, Format Version 12.00
# Visual Studio Version 16
VisualStudioVersion = 16.0.30611.23
MinimumVisualStudioVersion = 10.0.40219.1
Project("{8BC9CEB8-8B4A-11D0-8D11-00A0C91BC942}") = "PPvIS_4", "PPvIS_4\PPvIS_4.vcxproj", "{006108D7-E346-4287-A5E5-2562341928BE}"
EndProject
Global
	GlobalSection(SolutionConfigurationPlatforms) = preSolution
		Debug|x64 = Debug|x64
		Debug|x86 = Debug|x86
		Release|x64 = Release|x64
		Release|x86 = Release|x86
	EndGlobalSection
	GlobalSection(ProjectConfigurationPlatforms) = postSolution
		{006108D7-E346-4287-A5E5-2562341928BE}.Debug|x64.ActiveCfg = Debug|x64
		{006108D7-E346-4287-A5E5-2562341928BE}.Debug|x64.Build.0 = Debug|x64
		{006108D7-E346-4287-A5E5-2562341928BE}.Debug|x86.ActiveCfg = Debug|Win32
		{006108D7-E346-4287-A5E5-2562341928BE}.Debug|x86.Build.0 = Debug|Win32
		{006108D7-E346-4287-A5E5-2562341928BE}.Release|x64.ActiveCfg = Release|x64
		{006108D7-E346-4287-A5E5-2562341928BE}.Release|x64.Build.0 = Release|x64
		{006108D7-E346-4287-A5E5-2562341928BE}.Release|x86.ActiveCfg = Release|Win32
		{006108D7-E346-4287-A5E5-2562341928BE}.Release|x86.Build.0 = Release|Win32
	EndGlobalSection
	GlobalSection(SolutionProperties) = preSolution
		HideSolutionNode = FALSE
	EndGlobalSection
	GlobalSection(ExtensibilityGlobals) = postSolution
		SolutionGuid = {45E19387-6384-4DA6-BC75-ABA987B83F8B}
	EndGlobalSection
EndGlobal
